{
  "name": "POO",
  "lockfileVersion": 2,
  "requires": true,
  "packages": {
    "": {
      "dependencies": {
        "my": "^0.3.3",
        "package": "^1.0.1"
      }
    },
    "node_modules/my": {
      "version": "0.3.3",
      "resolved": "https://registry.npmjs.org/my/-/my-0.3.3.tgz",
      "integrity": "sha512-EszU32vCnnVtKOjngSJ7YVod/6ocsB04CU0Eo3UcyI7jWDWw1htWAupwnUcUhjpgEpBXMYUJSp+aB1q8W0IslA==",
      "bin": {
        "mym": "cli.js"
      }
    },
    "node_modules/package": {
      "version": "1.0.1",
      "resolved": "https://registry.npmjs.org/package/-/package-1.0.1.tgz",
      "integrity": "sha512-g6xZR6CO7okjie83sIRJodgGvaXqymfE5GLhN8N2TmZGShmHc/V23hO/vWbdnuy3D81As3pfovw72gGi42l9qA==",
      "engines": {
        "node": ">= 0.6.0"
      }
    }
  },
  "dependencies": {
    "my": {
      "version": "0.3.3",
      "resolved": "https://registry.npmjs.org/my/-/my-0.3.3.tgz",
      "integrity": "sha512-EszU32vCnnVtKOjngSJ7YVod/6ocsB04CU0Eo3UcyI7jWDWw1htWAupwnUcUhjpgEpBXMYUJSp+aB1q8W0IslA=="
    },
    "package": {
      "version": "1.0.1",
      "resolved": "https://registry.npmjs.org/package/-/package-1.0.1.tgz",
      "integrity": "sha512-g6xZR6CO7okjie83sIRJodgGvaXqymfE5GLhN8N2TmZGShmHc/V23hO/vWbdnuy3D81As3pfovw72gGi42l9qA=="
    }
  }
}
